// !$*UTF8*$!
{
	archiveVersion = 1;
	classes = {
	};
	objectVersion = 77;
	objects = {

/* Begin PBXContainerItemProxy section */
		4C7BF0332D4C335800AAAAC5 /* PBXContainerItemProxy */ = {
			isa = PBXContainerItemProxy;
			containerPortal = 4C7BF01A2D4C335600AAAAC5 /* Project object */;
			proxyType = 1;
			remoteGlobalIDString = 4C7BF0212D4C335600AAAAC5;
			remoteInfo = RecipeVous;
		};
		4C7BF03D2D4C335800AAAAC5 /* PBXContainerItemProxy */ = {
			isa = PBXContainerItemProxy;
			containerPortal = 4C7BF01A2D4C335600AAAAC5 /* Project object */;
			proxyType = 1;
			remoteGlobalIDString = 4C7BF0212D4C335600AAAAC5;
			remoteInfo = RecipeVous;
		};
/* End PBXContainerItemProxy section */

/* Begin PBXFileReference section */
		4C7BF0222D4C335600AAAAC5 /* RecipeVous.app */ = {isa = PBXFileReference; explicitFileType = wrapper.application; includeInIndex = 0; path = RecipeVous.app; sourceTree = BUILT_PRODUCTS_DIR; };
		4C7BF0322D4C335800AAAAC5 /* RecipeVousTests.xctest */ = {isa = PBXFileReference; explicitFileType = wrapper.cfbundle; includeInIndex = 0; path = RecipeVousTests.xctest; sourceTree = BUILT_PRODUCTS_DIR; };
		4C7BF03C2D4C335800AAAAC5 /* RecipeVousUITests.xctest */ = {isa = PBXFileReference; explicitFileType = wrapper.cfbundle; includeInIndex = 0; path = RecipeVousUITests.xctest; sourceTree = BUILT_PRODUCTS_DIR; };
/* End PBXFileReference section */

/* Begin PBXFileSystemSynchronizedBuildFileExceptionSet section */
		4C7BF0982D4E51E400AAAAC5 /* Exceptions for "RecipeVous" folder in "RecipeVousTests" target */ = {
			isa = PBXFileSystemSynchronizedBuildFileExceptionSet;
			membershipExceptions = (
				Repository/Repository.swift,
				Testing/MockRepo.swift,
			);
			target = 4C7BF0312D4C335800AAAAC5 /* RecipeVousTests */;
		};
/* End PBXFileSystemSynchronizedBuildFileExceptionSet section */

/* Begin PBXFileSystemSynchronizedRootGroup section */
		4C7BF0242D4C335600AAAAC5 /* RecipeVous */ = {
			isa = PBXFileSystemSynchronizedRootGroup;
			exceptions = (
				4C7BF0982D4E51E400AAAAC5 /* Exceptions for "RecipeVous" folder in "RecipeVousTests" target */,
			);
			path = RecipeVous;
			sourceTree = "<group>";
		};
		4C7BF0352D4C335800AAAAC5 /* RecipeVousTests */ = {
			isa = PBXFileSystemSynchronizedRootGroup;
			path = RecipeVousTests;
			sourceTree = "<group>";
		};
/* End PBXFileSystemSynchronizedRootGroup section */

/* Begin PBXFrameworksBuildPhase section */
		4C7BF01F2D4C335600AAAAC5 /* Frameworks */ = {
			isa = PBXFrameworksBuildPhase;
			buildActionMask = 2147483647;
			files = (
			);
			runOnlyForDeploymentPostprocessing = 0;
		};
		4C7BF02F2D4C335800AAAAC5 /* Frameworks */ = {
			isa = PBXFrameworksBuildPhase;
			buildActionMask = 2147483647;
			files = (
			);
			runOnlyForDeploymentPostprocessing = 0;
		};
		4C7BF0392D4C335800AAAAC5 /* Frameworks */ = {
			isa = PBXFrameworksBuildPhase;
			buildActionMask = 2147483647;
			files = (
			);
			runOnlyForDeploymentPostprocessing = 0;
		};
/* End PBXFrameworksBuildPhase section */

/* Begin PBXGroup section */
		4C7BF0192D4C335600AAAAC5 = {
			isa = PBXGroup;
			children = (
				4C7BF0242D4C335600AAAAC5 /* RecipeVous */,
				4C7BF0352D4C335800AAAAC5 /* RecipeVousTests */,
				4C7BF0232D4C335600AAAAC5 /* Products */,
			);
			sourceTree = "<group>";
		};
		4C7BF0232D4C335600AAAAC5 /* Products */ = {
			isa = PBXGroup;
			children = (
				4C7BF0222D4C335600AAAAC5 /* RecipeVous.app */,
				4C7BF0322D4C335800AAAAC5 /* RecipeVousTests.xctest */,
				4C7BF03C2D4C335800AAAAC5 /* RecipeVousUITests.xctest */,
			);
			name = Products;
			sourceTree = "<group>";
		};
/* End PBXGroup section */

/* Begin PBXNativeTarget section */
		4C7BF0212D4C335600AAAAC5 /* RecipeVous */ = {
			isa = PBXNativeTarget;
			buildConfigurationList = 4C7BF0462D4C335800AAAAC5 /* Build configuration list for PBXNativeTarget "RecipeVous" */;
			buildPhases = (
				4C7BF01E2D4C335600AAAAC5 /* Sources */,
				4C7BF01F2D4C335600AAAAC5 /* Frameworks */,
				4C7BF0202D4C335600AAAAC5 /* Resources */,
			);
			buildRules = (
			);
			dependencies = (
			);
			fileSystemSynchronizedGroups = (
				4C7BF0242D4C335600AAAAC5 /* RecipeVous */,
			);
			name = RecipeVous;
			packageProductDependencies = (
			);
			productName = RecipeVous;
			productReference = 4C7BF0222D4C335600AAAAC5 /* RecipeVous.app */;
			productType = "com.apple.product-type.application";
		};
		4C7BF0312D4C335800AAAAC5 /* RecipeVousTests */ = {
			isa = PBXNativeTarget;
			buildConfigurationList = 4C7BF0492D4C335800AAAAC5 /* Build configuration list for PBXNativeTarget "RecipeVousTests" */;
			buildPhases = (
				4C7BF02E2D4C335800AAAAC5 /* Sources */,
				4C7BF02F2D4C335800AAAAC5 /* Frameworks */,
				4C7BF0302D4C335800AAAAC5 /* Resources */,
			);
			buildRules = (
			);
			dependencies = (
				4C7BF0342D4C335800AAAAC5 /* PBXTargetDependency */,
			);
			fileSystemSynchronizedGroups = (
				4C7BF0352D4C335800AAAAC5 /* RecipeVousTests */,
			);
			name = RecipeVousTests;
			packageProductDependencies = (
			);
			productName = RecipeVousTests;
			productReference = 4C7BF0322D4C335800AAAAC5 /* RecipeVousTests.xctest */;
			productType = "com.apple.product-type.bundle.unit-test";
		};
		4C7BF03B2D4C335800AAAAC5 /* RecipeVousUITests */ = {
			isa = PBXNativeTarget;
			buildConfigurationList = 4C7BF04C2D4C335800AAAAC5 /* Build configuration list for PBXNativeTarget "RecipeVousUITests" */;
			buildPhases = (
				4C7BF0382D4C335800AAAAC5 /* Sources */,
				4C7BF0392D4C335800AAAAC5 /* Frameworks */,
				4C7BF03A2D4C335800AAAAC5 /* Resources */,
			);
			buildRules = (
			);
			dependencies = (
				4C7BF03E2D4C335800AAAAC5 /* PBXTargetDependency */,
			);
			name = RecipeVousUITests;
			packageProductDependencies = (
			);
			productName = RecipeVousUITests;
			productReference = 4C7BF03C2D4C335800AAAAC5 /* RecipeVousUITests.xctest */;
			productType = "com.apple.product-type.bundle.ui-testing";
		};
/* End PBXNativeTarget section */

/* Begin PBXProject section */
		4C7BF01A2D4C335600AAAAC5 /* Project object */ = {
			isa = PBXProject;
			attributes = {
				BuildIndependentTargetsInParallel = 1;
				LastSwiftUpdateCheck = 1600;
				LastUpgradeCheck = 1600;
				TargetAttributes = {
					4C7BF0212D4C335600AAAAC5 = {
						CreatedOnToolsVersion = 16.0;
					};
					4C7BF0312D4C335800AAAAC5 = {
						CreatedOnToolsVersion = 16.0;
						TestTargetID = 4C7BF0212D4C335600AAAAC5;
					};
					4C7BF03B2D4C335800AAAAC5 = {
						CreatedOnToolsVersion = 16.0;
						TestTargetID = 4C7BF0212D4C335600AAAAC5;
					};
				};
			};
			buildConfigurationList = 4C7BF01D2D4C335600AAAAC5 /* Build configuration list for PBXProject "RecipeVous" */;
			developmentRegion = en;
			hasScannedForEncodings = 0;
			knownRegions = (
				en,
				Base,
			);
			mainGroup = 4C7BF0192D4C335600AAAAC5;
			minimizedProjectReferenceProxies = 1;
			preferredProjectObjectVersion = 77;
			productRefGroup = 4C7BF0232D4C335600AAAAC5 /* Products */;
			projectDirPath = "";
			projectRoot = "";
			targets = (
				4C7BF0212D4C335600AAAAC5 /* RecipeVous */,
				4C7BF0312D4C335800AAAAC5 /* RecipeVousTests */,
				4C7BF03B2D4C335800AAAAC5 /* RecipeVousUITests */,
			);
		};
/* End PBXProject section */

/* Begin PBXResourcesBuildPhase section */
		4C7BF0202D4C335600AAAAC5 /* Resources */ = {
			isa = PBXResourcesBuildPhase;
			buildActionMask = 2147483647;
			files = (
			);
			runOnlyForDeploymentPostprocessing = 0;
		};
		4C7BF0302D4C335800AAAAC5 /* Resources */ = {
			isa = PBXResourcesBuildPhase;
			buildActionMask = 2147483647;
			files = (
			);
			runOnlyForDeploymentPostprocessing = 0;
		};
		4C7BF03A2D4C335800AAAAC5 /* Resources */ = {
			isa = PBXResourcesBuildPhase;
			buildActionMask = 2147483647;
			files = (
			);
			runOnlyForDeploymentPostprocessing = 0;
		};
/* End PBXResourcesBuildPhase section */

/* Begin PBXSourcesBuildPhase section */
		4C7BF01E2D4C335600AAAAC5 /* Sources */ = {
			isa = PBXSourcesBuildPhase;
			buildActionMask = 2147483647;
			files = (
			);
			runOnlyForDeploymentPostprocessing = 0;
		};
		4C7BF02E2D4C335800AAAAC5 /* Sources */ = {
			isa = PBXSourcesBuildPhase;
			buildActionMask = 2147483647;
			files = (
			);
			runOnlyForDeploymentPostprocessing = 0;
		};
		4C7BF0382D4C335800AAAAC5 /* Sources */ = {
			isa = PBXSourcesBuildPhase;
			buildActionMask = 2147483647;
			files = (
			);
			runOnlyForDeploymentPostprocessing = 0;
		};
/* End PBXSourcesBuildPhase section */

/* Begin PBXTargetDependency section */
		4C7BF0342D4C335800AAAAC5 /* PBXTargetDependency */ = {
			isa = PBXTargetDependency;
			target = 4C7BF0212D4C335600AAAAC5 /* RecipeVous */;
			targetProxy = 4C7BF0332D4C335800AAAAC5 /* PBXContainerItemProxy */;
		};
		4C7BF03E2D4C335800AAAAC5 /* PBXTargetDependency */ = {
			isa = PBXTargetDependency;
			target = 4C7BF0212D4C335600AAAAC5 /* RecipeVous */;
			targetProxy = 4C7BF03D2D4C335800AAAAC5 /* PBXContainerItemProxy */;
		};
/* End PBXTargetDependency section */

/* Begin XCBuildConfiguration section */
		4C7BF0442D4C335800AAAAC5 /* Debug */ = {
			isa = XCBuildConfiguration;
			buildSettings = {
				ALWAYS_SEARCH_USER_PATHS = NO;
				ASSETCATALOG_COMPILER_GENERATE_SWIFT_ASSET_SYMBOL_EXTENSIONS = YES;
				CLANG_ANALYZER_NONNULL = YES;
				CLANG_ANALYZER_NUMBER_OBJECT_CONVERSION = YES_AGGRESSIVE;
				CLANG_CXX_LANGUAGE_STANDARD = "gnu++20";
				CLANG_ENABLE_MODULES = YES;
				CLANG_ENABLE_OBJC_ARC = YES;
				CLANG_ENABLE_OBJC_WEAK = YES;
				CLANG_WARN_BLOCK_CAPTURE_AUTORELEASING = YES;
				CLANG_WARN_BOOL_CONVERSION = YES;
				CLANG_WARN_COMMA = YES;
				CLANG_WARN_CONSTANT_CONVERSION = YES;
				CLANG_WARN_DEPRECATED_OBJC_IMPLEMENTATIONS = YES;
				CLANG_WARN_DIRECT_OBJC_ISA_USAGE = YES_ERROR;
				CLANG_WARN_DOCUMENTATION_COMMENTS = YES;
				CLANG_WARN_EMPTY_BODY = YES;
				CLANG_WARN_ENUM_CONVERSION = YES;
				CLANG_WARN_INFINITE_RECURSION = YES;
				CLANG_WARN_INT_CONVERSION = YES;
				CLANG_WARN_NON_LITERAL_NULL_CONVERSION = YES;
				CLANG_WARN_OBJC_IMPLICIT_RETAIN_SELF = YES;
				CLANG_WARN_OBJC_LITERAL_CONVERSION = YES;
				CLANG_WARN_OBJC_ROOT_CLASS = YES_ERROR;
				CLANG_WARN_QUOTED_INCLUDE_IN_FRAMEWORK_HEADER = YES;
				CLANG_WARN_RANGE_LOOP_ANALYSIS = YES;
				CLANG_WARN_STRICT_PROTOTYPES = YES;
				CLANG_WARN_SUSPICIOUS_MOVE = YES;
				CLANG_WARN_UNGUARDED_AVAILABILITY = YES_AGGRESSIVE;
				CLANG_WARN_UNREACHABLE_CODE = YES;
				CLANG_WARN__DUPLICATE_METHOD_MATCH = YES;
				COPY_PHASE_STRIP = NO;
				DEBUG_INFORMATION_FORMAT = dwarf;
				ENABLE_STRICT_OBJC_MSGSEND = YES;
				ENABLE_TESTABILITY = YES;
				ENABLE_USER_SCRIPT_SANDBOXING = YES;
				GCC_C_LANGUAGE_STANDARD = gnu17;
				GCC_DYNAMIC_NO_PIC = NO;
				GCC_NO_COMMON_BLOCKS = YES;
				GCC_OPTIMIZATION_LEVEL = 0;
				GCC_PREPROCESSOR_DEFINITIONS = (
					"DEBUG=1",
					"$(inherited)",
				);
				GCC_WARN_64_TO_32_BIT_CONVERSION = YES;
				GCC_WARN_ABOUT_RETURN_TYPE = YES_ERROR;
				GCC_WARN_UNDECLARED_SELECTOR = YES;
				GCC_WARN_UNINITIALIZED_AUTOS = YES_AGGRESSIVE;
				GCC_WARN_UNUSED_FUNCTION = YES;
				GCC_WARN_UNUSED_VARIABLE = YES;
				IPHONEOS_DEPLOYMENT_TARGET = 18.0;
				LOCALIZATION_PREFERS_STRING_CATALOGS = YES;
				MTL_ENABLE_DEBUG_INFO = INCLUDE_SOURCE;
				MTL_FAST_MATH = YES;
				ONLY_ACTIVE_ARCH = YES;
				SDKROOT = iphoneos;
				SWIFT_ACTIVE_COMPILATION_CONDITIONS = "DEBUG $(inherited)";
				SWIFT_OPTIMIZATION_LEVEL = "-Onone";
			};
			name = Debug;
		};
		4C7BF0452D4C335800AAAAC5 /* Release */ = {
			isa = XCBuildConfiguration;
			buildSettings = {
				ALWAYS_SEARCH_USER_PATHS = NO;
				ASSETCATALOG_COMPILER_GENERATE_SWIFT_ASSET_SYMBOL_EXTENSIONS = YES;
				CLANG_ANALYZER_NONNULL = YES;
				CLANG_ANALYZER_NUMBER_OBJECT_CONVERSION = YES_AGGRESSIVE;
				CLANG_CXX_LANGUAGE_STANDARD = "gnu++20";
				CLANG_ENABLE_MODULES = YES;
				CLANG_ENABLE_OBJC_ARC = YES;
				CLANG_ENABLE_OBJC_WEAK = YES;
				CLANG_WARN_BLOCK_CAPTURE_AUTORELEASING = YES;
				CLANG_WARN_BOOL_CONVERSION = YES;
				CLANG_WARN_COMMA = YES;
				CLANG_WARN_CONSTANT_CONVERSION = YES;
				CLANG_WARN_DEPRECATED_OBJC_IMPLEMENTATIONS = YES;
				CLANG_WARN_DIRECT_OBJC_ISA_USAGE = YES_ERROR;
				CLANG_WARN_DOCUMENTATION_COMMENTS = YES;
				CLANG_WARN_EMPTY_BODY = YES;
				CLANG_WARN_ENUM_CONVERSION = YES;
				CLANG_WARN_INFINITE_RECURSION = YES;
				CLANG_WARN_INT_CONVERSION = YES;
				CLANG_WARN_NON_LITERAL_NULL_CONVERSION = YES;
				CLANG_WARN_OBJC_IMPLICIT_RETAIN_SELF = YES;
				CLANG_WARN_OBJC_LITERAL_CONVERSION = YES;
				CLANG_WARN_OBJC_ROOT_CLASS = YES_ERROR;
				CLANG_WARN_QUOTED_INCLUDE_IN_FRAMEWORK_HEADER = YES;
				CLANG_WARN_RANGE_LOOP_ANALYSIS = YES;
				CLANG_WARN_STRICT_PROTOTYPES = YES;
				CLANG_WARN_SUSPICIOUS_MOVE = YES;
				CLANG_WARN_UNGUARDED_AVAILABILITY = YES_AGGRESSIVE;
				CLANG_WARN_UNREACHABLE_CODE = YES;
				CLANG_WARN__DUPLICATE_METHOD_MATCH = YES;
				COPY_PHASE_STRIP = NO;
				DEBUG_INFORMATION_FORMAT = "dwarf-with-dsym";
				ENABLE_NS_ASSERTIONS = NO;
				ENABLE_STRICT_OBJC_MSGSEND = YES;
				ENABLE_USER_SCRIPT_SANDBOXING = YES;
				GCC_C_LANGUAGE_STANDARD = gnu17;
				GCC_NO_COMMON_BLOCKS = YES;
				GCC_WARN_64_TO_32_BIT_CONVERSION = YES;
				GCC_WARN_ABOUT_RETURN_TYPE = YES_ERROR;
				GCC_WARN_UNDECLARED_SELECTOR = YES;
				GCC_WARN_UNINITIALIZED_AUTOS = YES_AGGRESSIVE;
				GCC_WARN_UNUSED_FUNCTION = YES;
				GCC_WARN_UNUSED_VARIABLE = YES;
				IPHONEOS_DEPLOYMENT_TARGET = 18.0;
				LOCALIZATION_PREFERS_STRING_CATALOGS = YES;
				MTL_ENABLE_DEBUG_INFO = NO;
				MTL_FAST_MATH = YES;
				SDKROOT = iphoneos;
				SWIFT_COMPILATION_MODE = wholemodule;
				VALIDATE_PRODUCT = YES;
			};
			name = Release;
		};
		4C7BF0472D4C335800AAAAC5 /* Debug */ = {
			isa = XCBuildConfiguration;
			buildSettings = {
				ASSETCATALOG_COMPILER_APPICON_NAME = AppIcon;
				ASSETCATALOG_COMPILER_GLOBAL_ACCENT_COLOR_NAME = AccentColor;
				CODE_SIGN_STYLE = Automatic;
				CURRENT_PROJECT_VERSION = 1;
				DEVELOPMENT_ASSET_PATHS = "\"RecipeVous/Preview Content\"";
				DEVELOPMENT_TEAM = 92SN29Q4G5;
				ENABLE_PREVIEWS = YES;
				GENERATE_INFOPLIST_FILE = YES;
				INFOPLIST_KEY_UIApplicationSceneManifest_Generation = YES;
				INFOPLIST_KEY_UIApplicationSupportsIndirectInputEvents = YES;
				INFOPLIST_KEY_UILaunchScreen_Generation = YES;
				INFOPLIST_KEY_UISupportedInterfaceOrientations_iPad = "UIInterfaceOrientationPortrait UIInterfaceOrientationPortraitUpsideDown UIInterfaceOrientationLandscapeLeft UIInterfaceOrientationLandscapeRight";
				INFOPLIST_KEY_UISupportedInterfaceOrientations_iPhone = "UIInterfaceOrientationPortrait UIInterfaceOrientationLandscapeLeft UIInterfaceOrientationLandscapeRight";
				LD_RUNPATH_SEARCH_PATHS = (
					"$(inherited)",
					"@executable_path/Frameworks",
				);
				MARKETING_VERSION = 1.0;
				PRODUCT_BUNDLE_IDENTIFIER = grumpy.RecipeVous;
				PRODUCT_NAME = "$(TARGET_NAME)";
				SWIFT_EMIT_LOC_STRINGS = YES;
				SWIFT_VERSION = 5.0;
				TARGETED_DEVICE_FAMILY = "1,2";
			};
			name = Debug;
		};
		4C7BF0482D4C335800AAAAC5 /* Release */ = {
			isa = XCBuildConfiguration;
			buildSettings = {
				ASSETCATALOG_COMPILER_APPICON_NAME = AppIcon;
				ASSETCATALOG_COMPILER_GLOBAL_ACCENT_COLOR_NAME = AccentColor;
				CODE_SIGN_STYLE = Automatic;
				CURRENT_PROJECT_VERSION = 1;
				DEVELOPMENT_ASSET_PATHS = "\"RecipeVous/Preview Content\"";
				DEVELOPMENT_TEAM = 92SN29Q4G5;
				ENABLE_PREVIEWS = YES;
				GENERATE_INFOPLIST_FILE = YES;
				INFOPLIST_KEY_UIApplicationSceneManifest_Generation = YES;
				INFOPLIST_KEY_UIApplicationSupportsIndirectInputEvents = YES;
				INFOPLIST_KEY_UILaunchScreen_Generation = YES;
				INFOPLIST_KEY_UISupportedInterfaceOrientations_iPad = "UIInterfaceOrientationPortrait UIInterfaceOrientationPortraitUpsideDown UIInterfaceOrientationLandscapeLeft UIInterfaceOrientationLandscapeRight";
				INFOPLIST_KEY_UISupportedInterfaceOrientations_iPhone = "UIInterfaceOrientationPortrait UIInterfaceOrientationLandscapeLeft UIInterfaceOrientationLandscapeRight";
				LD_RUNPATH_SEARCH_PATHS = (
					"$(inherited)",
					"@executable_path/Frameworks",
				);
				MARKETING_VERSION = 1.0;
				PRODUCT_BUNDLE_IDENTIFIER = grumpy.RecipeVous;
				PRODUCT_NAME = "$(TARGET_NAME)";
				SWIFT_EMIT_LOC_STRINGS = YES;
				SWIFT_VERSION = 5.0;
				TARGETED_DEVICE_FAMILY = "1,2";
			};
			name = Release;
		};
		4C7BF04A2D4C335800AAAAC5 /* Debug */ = {
			isa = XCBuildConfiguration;
			buildSettings = {
				BUNDLE_LOADER = "$(TEST_HOST)";
				CODE_SIGN_STYLE = Automatic;
				CURRENT_PROJECT_VERSION = 1;
				DEVELOPMENT_TEAM = 92SN29Q4G5;
				GENERATE_INFOPLIST_FILE = YES;
				IPHONEOS_DEPLOYMENT_TARGET = 18.0;
				MARKETING_VERSION = 1.0;
				PRODUCT_BUNDLE_IDENTIFIER = grumpy.RecipeVousTests;
				PRODUCT_NAME = "$(TARGET_NAME)";
				SWIFT_EMIT_LOC_STRINGS = NO;
				SWIFT_VERSION = 5.0;
				TARGETED_DEVICE_FAMILY = "1,2";
				TEST_HOST = "$(BUILT_PRODUCTS_DIR)/RecipeVous.app/$(BUNDLE_EXECUTABLE_FOLDER_PATH)/RecipeVous";
			};
			name = Debug;
		};
		4C7BF04B2D4C335800AAAAC5 /* Release */ = {
			isa = XCBuildConfiguration;
			buildSettings = {
				BUNDLE_LOADER = "$(TEST_HOST)";
				CODE_SIGN_STYLE = Automatic;
				CURRENT_PROJECT_VERSION = 1;
				DEVELOPMENT_TEAM = 92SN29Q4G5;
				GENERATE_INFOPLIST_FILE = YES;
				IPHONEOS_DEPLOYMENT_TARGET = 18.0;
				MARKETING_VERSION = 1.0;
				PRODUCT_BUNDLE_IDENTIFIER = grumpy.RecipeVousTests;
				PRODUCT_NAME = "$(TARGET_NAME)";
				SWIFT_EMIT_LOC_STRINGS = NO;
				SWIFT_VERSION = 5.0;
				TARGETED_DEVICE_FAMILY = "1,2";
				TEST_HOST = "$(BUILT_PRODUCTS_DIR)/RecipeVous.app/$(BUNDLE_EXECUTABLE_FOLDER_PATH)/RecipeVous";
			};
			name = Release;
		};
		4C7BF04D2D4C335800AAAAC5 /* Debug */ = {
			isa = XCBuildConfiguration;
			buildSettings = {
				CODE_SIGN_STYLE = Automatic;
				CURRENT_PROJECT_VERSION = 1;
				DEVELOPMENT_TEAM = 92SN29Q4G5;
				GENERATE_INFOPLIST_FILE = YES;
				MARKETING_VERSION = 1.0;
				PRODUCT_BUNDLE_IDENTIFIER = grumpy.RecipeVousUITests;
				PRODUCT_NAME = "$(TARGET_NAME)";
				SWIFT_EMIT_LOC_STRINGS = NO;
				SWIFT_VERSION = 5.0;
				TARGETED_DEVICE_FAMILY = "1,2";
				TEST_TARGET_NAME = RecipeVous;
			};
			name = Debug;
		};
		4C7BF04E2D4C335800AAAAC5 /* Release */ = {
			isa = XCBuildConfiguration;
			buildSettings = {
				CODE_SIGN_STYLE = Automatic;
				CURRENT_PROJECT_VERSION = 1;
				DEVELOPMENT_TEAM = 92SN29Q4G5;
				GENERATE_INFOPLIST_FILE = YES;
				MARKETING_VERSION = 1.0;
				PRODUCT_BUNDLE_IDENTIFIER = grumpy.RecipeVousUITests;
				PRODUCT_NAME = "$(TARGET_NAME)";
				SWIFT_EMIT_LOC_STRINGS = NO;
				SWIFT_VERSION = 5.0;
				TARGETED_DEVICE_FAMILY = "1,2";
				TEST_TARGET_NAME = RecipeVous;
			};
			name = Release;
		};
/* End XCBuildConfiguration section */

/* Begin XCConfigurationList section */
		4C7BF01D2D4C335600AAAAC5 /* Build configuration list for PBXProject "RecipeVous" */ = {
			isa = XCConfigurationList;
			buildConfigurations = (
				4C7BF0442D4C335800AAAAC5 /* Debug */,
				4C7BF0452D4C335800AAAAC5 /* Release */,
			);
			defaultConfigurationIsVisible = 0;
			defaultConfigurationName = Release;
		};
		4C7BF0462D4C335800AAAAC5 /* Build configuration list for PBXNativeTarget "RecipeVous" */ = {
			isa = XCConfigurationList;
			buildConfigurations = (
				4C7BF0472D4C335800AAAAC5 /* Debug */,
				4C7BF0482D4C335800AAAAC5 /* Release */,
			);
			defaultConfigurationIsVisible = 0;
			defaultConfigurationName = Release;
		};
		4C7BF0492D4C335800AAAAC5 /* Build configuration list for PBXNativeTarget "RecipeVousTests" */ = {
			isa = XCConfigurationList;
			buildConfigurations = (
				4C7BF04A2D4C335800AAAAC5 /* Debug */,
				4C7BF04B2D4C335800AAAAC5 /* Release */,
			);
			defaultConfigurationIsVisible = 0;
			defaultConfigurationName = Release;
		};
		4C7BF04C2D4C335800AAAAC5 /* Build configuration list for PBXNativeTarget "RecipeVousUITests" */ = {
			isa = XCConfigurationList;
			buildConfigurations = (
				4C7BF04D2D4C335800AAAAC5 /* Debug */,
				4C7BF04E2D4C335800AAAAC5 /* Release */,
			);
			defaultConfigurationIsVisible = 0;
			defaultConfigurationName = Release;
		};
/* End XCConfigurationList section */
	};
	rootObject = 4C7BF01A2D4C335600AAAAC5 /* Project object */;
}
